// !$*UTF8*$!
{
	archiveVersion = 1;
	classes = {
	};
	objectVersion = 50;
	objects = {

/* Begin PBXBuildFile section */
		032ED8F321C1040B00602E76 /* AppDelegate.m in Sources */ = {isa = PBXBuildFile; fileRef = 032ED8F221C1040B00602E76 /* AppDelegate.m */; };
		032ED8F621C1040B00602E76 /* ViewController.m in Sources */ = {isa = PBXBuildFile; fileRef = 032ED8F521C1040B00602E76 /* ViewController.m */; };
		032ED8F921C1040B00602E76 /* Main.storyboard in Resources */ = {isa = PBXBuildFile; fileRef = 032ED8F721C1040B00602E76 /* Main.storyboard */; };
		032ED8FB21C1040E00602E76 /* Assets.xcassets in Resources */ = {isa = PBXBuildFile; fileRef = 032ED8FA21C1040E00602E76 /* Assets.xcassets */; };
		032ED8FE21C1040E00602E76 /* LaunchScreen.storyboard in Resources */ = {isa = PBXBuildFile; fileRef = 032ED8FC21C1040E00602E76 /* LaunchScreen.storyboard */; };
		032ED90121C1040E00602E76 /* main.m in Sources */ = {isa = PBXBuildFile; fileRef = 032ED90021C1040E00602E76 /* main.m */; };
		032ED90B21C1040E00602E76 /* RuntimeDemoTests.m in Sources */ = {isa = PBXBuildFile; fileRef = 032ED90A21C1040E00602E76 /* RuntimeDemoTests.m */; };
		032ED91621C1040E00602E76 /* RuntimeDemoUITests.m in Sources */ = {isa = PBXBuildFile; fileRef = 032ED91521C1040E00602E76 /* RuntimeDemoUITests.m */; };
		032ED92521C2150A00602E76 /* RuntimeObject.m in Sources */ = {isa = PBXBuildFile; fileRef = 032ED92421C2150A00602E76 /* RuntimeObject.m */; };
/* End PBXBuildFile section */

/* Begin PBXContainerItemProxy section */
		032ED90721C1040E00602E76 /* PBXContainerItemProxy */ = {
			isa = PBXContainerItemProxy;
			containerPortal = 032ED8E621C1040B00602E76 /* Project object */;
			proxyType = 1;
			remoteGlobalIDString = 032ED8ED21C1040B00602E76;
			remoteInfo = RuntimeDemo;
		};
		032ED91221C1040E00602E76 /* PBXContainerItemProxy */ = {
			isa = PBXContainerItemProxy;
			containerPortal = 032ED8E621C1040B00602E76 /* Project object */;
			proxyType = 1;
			remoteGlobalIDString = 032ED8ED21C1040B00602E76;
			remoteInfo = RuntimeDemo;
		};
/* End PBXContainerItemProxy section */

/* Begin PBXFileReference section */
		032ED8EE21C1040B00602E76 /* RuntimeDemo.app */ = {isa = PBXFileReference; explicitFileType = wrapper.application; includeInIndex = 0; path = RuntimeDemo.app; sourceTree = BUILT_PRODUCTS_DIR; };
		032ED8F121C1040B00602E76 /* AppDelegate.h */ = {isa = PBXFileReference; lastKnownFileType = sourcecode.c.h; path = AppDelegate.h; sourceTree = "<group>"; };
		032ED8F221C1040B00602E76 /* AppDelegate.m */ = {isa = PBXFileReference; lastKnownFileType = sourcecode.c.objc; path = AppDelegate.m; sourceTree = "<group>"; };
		032ED8F421C1040B00602E76 /* ViewController.h */ = {isa = PBXFileReference; lastKnownFileType = sourcecode.c.h; path = ViewController.h; sourceTree = "<group>"; };
		032ED8F521C1040B00602E76 /* ViewController.m */ = {isa = PBXFileReference; lastKnownFileType = sourcecode.c.objc; path = ViewController.m; sourceTree = "<group>"; };
		032ED8F821C1040B00602E76 /* Base */ = {isa = PBXFileReference; lastKnownFileType = file.storyboard; name = Base; path = Base.lproj/Main.storyboard; sourceTree = "<group>"; };
		032ED8FA21C1040E00602E76 /* Assets.xcassets */ = {isa = PBXFileReference; lastKnownFileType = folder.assetcatalog; path = Assets.xcassets; sourceTree = "<group>"; };
		032ED8FD21C1040E00602E76 /* Base */ = {isa = PBXFileReference; lastKnownFileType = file.storyboard; name = Base; path = Base.lproj/LaunchScreen.storyboard; sourceTree = "<group>"; };
		032ED8FF21C1040E00602E76 /* Info.plist */ = {isa = PBXFileReference; lastKnownFileType = text.plist.xml; path = Info.plist; sourceTree = "<group>"; };
		032ED90021C1040E00602E76 /* main.m */ = {isa = PBXFileReference; lastKnownFileType = sourcecode.c.objc; path = main.m; sourceTree = "<group>"; };
		032ED90621C1040E00602E76 /* RuntimeDemoTests.xctest */ = {isa = PBXFileReference; explicitFileType = wrapper.cfbundle; includeInIndex = 0; path = RuntimeDemoTests.xctest; sourceTree = BUILT_PRODUCTS_DIR; };
		032ED90A21C1040E00602E76 /* RuntimeDemoTests.m */ = {isa = PBXFileReference; lastKnownFileType = sourcecode.c.objc; path = RuntimeDemoTests.m; sourceTree = "<group>"; };
		032ED90C21C1040E00602E76 /* Info.plist */ = {isa = PBXFileReference; lastKnownFileType = text.plist.xml; path = Info.plist; sourceTree = "<group>"; };
		032ED91121C1040E00602E76 /* RuntimeDemoUITests.xctest */ = {isa = PBXFileReference; explicitFileType = wrapper.cfbundle; includeInIndex = 0; path = RuntimeDemoUITests.xctest; sourceTree = BUILT_PRODUCTS_DIR; };
		032ED91521C1040E00602E76 /* RuntimeDemoUITests.m */ = {isa = PBXFileReference; lastKnownFileType = sourcecode.c.objc; path = RuntimeDemoUITests.m; sourceTree = "<group>"; };
		032ED91721C1040E00602E76 /* Info.plist */ = {isa = PBXFileReference; lastKnownFileType = text.plist.xml; path = Info.plist; sourceTree = "<group>"; };
		032ED92321C2150A00602E76 /* RuntimeObject.h */ = {isa = PBXFileReference; lastKnownFileType = sourcecode.c.h; path = RuntimeObject.h; sourceTree = "<group>"; };
		032ED92421C2150A00602E76 /* RuntimeObject.m */ = {isa = PBXFileReference; lastKnownFileType = sourcecode.c.objc; path = RuntimeObject.m; sourceTree = "<group>"; };
/* End PBXFileReference section */

/* Begin PBXFrameworksBuildPhase section */
		032ED8EB21C1040B00602E76 /* Frameworks */ = {
			isa = PBXFrameworksBuildPhase;
			buildActionMask = 2147483647;
			files = (
			);
			runOnlyForDeploymentPostprocessing = 0;
		};
		032ED90321C1040E00602E76 /* Frameworks */ = {
			isa = PBXFrameworksBuildPhase;
			buildActionMask = 2147483647;
			files = (
			);
			runOnlyForDeploymentPostprocessing = 0;
		};
		032ED90E21C1040E00602E76 /* Frameworks */ = {
			isa = PBXFrameworksBuildPhase;
			buildActionMask = 2147483647;
			files = (
			);
			runOnlyForDeploymentPostprocessing = 0;
		};
/* End PBXFrameworksBuildPhase section */

/* Begin PBXGroup section */
		032ED8E521C1040B00602E76 = {
			isa = PBXGroup;
			children = (
				032ED8F021C1040B00602E76 /* RuntimeDemo */,
				032ED90921C1040E00602E76 /* RuntimeDemoTests */,
				032ED91421C1040E00602E76 /* RuntimeDemoUITests */,
				032ED8EF21C1040B00602E76 /* Products */,
			);
			sourceTree = "<group>";
		};
		032ED8EF21C1040B00602E76 /* Products */ = {
			isa = PBXGroup;
			children = (
				032ED8EE21C1040B00602E76 /* RuntimeDemo.app */,
				032ED90621C1040E00602E76 /* RuntimeDemoTests.xctest */,
				032ED91121C1040E00602E76 /* RuntimeDemoUITests.xctest */,
			);
			name = Products;
			sourceTree = "<group>";
		};
		032ED8F021C1040B00602E76 /* RuntimeDemo */ = {
			isa = PBXGroup;
			children = (
				032ED8F121C1040B00602E76 /* AppDelegate.h */,
				032ED8F221C1040B00602E76 /* AppDelegate.m */,
				032ED8F421C1040B00602E76 /* ViewController.h */,
				032ED8F521C1040B00602E76 /* ViewController.m */,
				032ED92321C2150A00602E76 /* RuntimeObject.h */,
				032ED92421C2150A00602E76 /* RuntimeObject.m */,
				032ED8F721C1040B00602E76 /* Main.storyboard */,
				032ED8FA21C1040E00602E76 /* Assets.xcassets */,
				032ED8FC21C1040E00602E76 /* LaunchScreen.storyboard */,
				032ED8FF21C1040E00602E76 /* Info.plist */,
				032ED90021C1040E00602E76 /* main.m */,
			);
			path = RuntimeDemo;
			sourceTree = "<group>";
		};
		032ED90921C1040E00602E76 /* RuntimeDemoTests */ = {
			isa = PBXGroup;
			children = (
				032ED90A21C1040E00602E76 /* RuntimeDemoTests.m */,
				032ED90C21C1040E00602E76 /* Info.plist */,
			);
			path = RuntimeDemoTests;
			sourceTree = "<group>";
		};
		032ED91421C1040E00602E76 /* RuntimeDemoUITests */ = {
			isa = PBXGroup;
			children = (
				032ED91521C1040E00602E76 /* RuntimeDemoUITests.m */,
				032ED91721C1040E00602E76 /* Info.plist */,
			);
			path = RuntimeDemoUITests;
			sourceTree = "<group>";
		};
/* End PBXGroup section */

/* Begin PBXNativeTarget section */
		032ED8ED21C1040B00602E76 /* RuntimeDemo */ = {
			isa = PBXNativeTarget;
			buildConfigurationList = 032ED91A21C1040E00602E76 /* Build configuration list for PBXNativeTarget "RuntimeDemo" */;
			buildPhases = (
				032ED8EA21C1040B00602E76 /* Sources */,
				032ED8EB21C1040B00602E76 /* Frameworks */,
				032ED8EC21C1040B00602E76 /* Resources */,
			);
			buildRules = (
			);
			dependencies = (
			);
			name = RuntimeDemo;
			productName = RuntimeDemo;
			productReference = 032ED8EE21C1040B00602E76 /* RuntimeDemo.app */;
			productType = "com.apple.product-type.application";
		};
		032ED90521C1040E00602E76 /* RuntimeDemoTests */ = {
			isa = PBXNativeTarget;
			buildConfigurationList = 032ED91D21C1040E00602E76 /* Build configuration list for PBXNativeTarget "RuntimeDemoTests" */;
			buildPhases = (
				032ED90221C1040E00602E76 /* Sources */,
				032ED90321C1040E00602E76 /* Frameworks */,
				032ED90421C1040E00602E76 /* Resources */,
			);
			buildRules = (
			);
			dependencies = (
				032ED90821C1040E00602E76 /* PBXTargetDependency */,
			);
			name = RuntimeDemoTests;
			productName = RuntimeDemoTests;
			productReference = 032ED90621C1040E00602E76 /* RuntimeDemoTests.xctest */;
			productType = "com.apple.product-type.bundle.unit-test";
		};
		032ED91021C1040E00602E76 /* RuntimeDemoUITests */ = {
			isa = PBXNativeTarget;
			buildConfigurationList = 032ED92021C1040E00602E76 /* Build configuration list for PBXNativeTarget "RuntimeDemoUITests" */;
			buildPhases = (
				032ED90D21C1040E00602E76 /* Sources */,
				032ED90E21C1040E00602E76 /* Frameworks */,
				032ED90F21C1040E00602E76 /* Resources */,
			);
			buildRules = (
			);
			dependencies = (
				032ED91321C1040E00602E76 /* PBXTargetDependency */,
			);
			name = RuntimeDemoUITests;
			productName = RuntimeDemoUITests;
			productReference = 032ED91121C1040E00602E76 /* RuntimeDemoUITests.xctest */;
			productType = "com.apple.product-type.bundle.ui-testing";
		};
/* End PBXNativeTarget section */

/* Begin PBXProject section */
		032ED8E621C1040B00602E76 /* Project object */ = {
			isa = PBXProject;
			attributes = {
				LastUpgradeCheck = 1010;
				ORGANIZATIONNAME = wangxin;
				TargetAttributes = {
					032ED8ED21C1040B00602E76 = {
						CreatedOnToolsVersion = 10.1;
					};
					032ED90521C1040E00602E76 = {
						CreatedOnToolsVersion = 10.1;
						TestTargetID = 032ED8ED21C1040B00602E76;
					};
					032ED91021C1040E00602E76 = {
						CreatedOnToolsVersion = 10.1;
						TestTargetID = 032ED8ED21C1040B00602E76;
					};
				};
			};
			buildConfigurationList = 032ED8E921C1040B00602E76 /* Build configuration list for PBXProject "RuntimeDemo" */;
			compatibilityVersion = "Xcode 9.3";
			developmentRegion = en;
			hasScannedForEncodings = 0;
			knownRegions = (
				en,
				Base,
			);
			mainGroup = 032ED8E521C1040B00602E76;
			productRefGroup = 032ED8EF21C1040B00602E76 /* Products */;
			projectDirPath = "";
			projectRoot = "";
			targets = (
				032ED8ED21C1040B00602E76 /* RuntimeDemo */,
				032ED90521C1040E00602E76 /* RuntimeDemoTests */,
				032ED91021C1040E00602E76 /* RuntimeDemoUITests */,
			);
		};
/* End PBXProject section */

/* Begin PBXResourcesBuildPhase section */
		032ED8EC21C1040B00602E76 /* Resources */ = {
			isa = PBXResourcesBuildPhase;
			buildActionMask = 2147483647;
			files = (
				032ED8FE21C1040E00602E76 /* LaunchScreen.storyboard in Resources */,
				032ED8FB21C1040E00602E76 /* Assets.xcassets in Resources */,
				032ED8F921C1040B00602E76 /* Main.storyboard in Resources */,
			);
			runOnlyForDeploymentPostprocessing = 0;
		};
		032ED90421C1040E00602E76 /* Resources */ = {
			isa = PBXResourcesBuildPhase;
			buildActionMask = 2147483647;
			files = (
			);
			runOnlyForDeploymentPostprocessing = 0;
		};
		032ED90F21C1040E00602E76 /* Resources */ = {
			isa = PBXResourcesBuildPhase;
			buildActionMask = 2147483647;
			files = (
			);
			runOnlyForDeploymentPostprocessing = 0;
		};
/* End PBXResourcesBuildPhase section */

/* Begin PBXSourcesBuildPhase section */
		032ED8EA21C1040B00602E76 /* Sources */ = {
			isa = PBXSourcesBuildPhase;
			buildActionMask = 2147483647;
			files = (
				032ED8F621C1040B00602E76 /* ViewController.m in Sources */,
				032ED92521C2150A00602E76 /* RuntimeObject.m in Sources */,
				032ED90121C1040E00602E76 /* main.m in Sources */,
				032ED8F321C1040B00602E76 /* AppDelegate.m in Sources */,
			);
			runOnlyForDeploymentPostprocessing = 0;
		};
		032ED90221C1040E00602E76 /* Sources */ = {
			isa = PBXSourcesBuildPhase;
			buildActionMask = 2147483647;
			files = (
				032ED90B21C1040E00602E76 /* RuntimeDemoTests.m in Sources */,
			);
			runOnlyForDeploymentPostprocessing = 0;
		};
		032ED90D21C1040E00602E76 /* Sources */ = {
			isa = PBXSourcesBuildPhase;
			buildActionMask = 2147483647;
			files = (
				032ED91621C1040E00602E76 /* RuntimeDemoUITests.m in Sources */,
			);
			runOnlyForDeploymentPostprocessing = 0;
		};
/* End PBXSourcesBuildPhase section */

/* Begin PBXTargetDependency section */
		032ED90821C1040E00602E76 /* PBXTargetDependency */ = {
			isa = PBXTargetDependency;
			target = 032ED8ED21C1040B00602E76 /* RuntimeDemo */;
			targetProxy = 032ED90721C1040E00602E76 /* PBXContainerItemProxy */;
		};
		032ED91321C1040E00602E76 /* PBXTargetDependency */ = {
			isa = PBXTargetDependency;
			target = 032ED8ED21C1040B00602E76 /* RuntimeDemo */;
			targetProxy = 032ED91221C1040E00602E76 /* PBXContainerItemProxy */;
		};
/* End PBXTargetDependency section */

/* Begin PBXVariantGroup section */
		032ED8F721C1040B00602E76 /* Main.storyboard */ = {
			isa = PBXVariantGroup;
			children = (
				032ED8F821C1040B00602E76 /* Base */,
			);
			name = Main.storyboard;
			sourceTree = "<group>";
		};
		032ED8FC21C1040E00602E76 /* LaunchScreen.storyboard */ = {
			isa = PBXVariantGroup;
			children = (
				032ED8FD21C1040E00602E76 /* Base */,
			);
			name = LaunchScreen.storyboard;
			sourceTree = "<group>";
		};
/* End PBXVariantGroup section */

/* Begin XCBuildConfiguration section */
		032ED91821C1040E00602E76 /* Debug */ = {
			isa = XCBuildConfiguration;
			buildSettings = {
				ALWAYS_SEARCH_USER_PATHS = NO;
				CLANG_ANALYZER_NONNULL = YES;
				CLANG_ANALYZER_NUMBER_OBJECT_CONVERSION = YES_AGGRESSIVE;
				CLANG_CXX_LANGUAGE_STANDARD = "gnu++14";
				CLANG_CXX_LIBRARY = "libc++";
				CLANG_ENABLE_MODULES = YES;
				CLANG_ENABLE_OBJC_ARC = YES;
				CLANG_ENABLE_OBJC_WEAK = YES;
				CLANG_WARN_BLOCK_CAPTURE_AUTORELEASING = YES;
				CLANG_WARN_BOOL_CONVERSION = YES;
				CLANG_WARN_COMMA = YES;
				CLANG_WARN_CONSTANT_CONVERSION = YES;
				CLANG_WARN_DEPRECATED_OBJC_IMPLEMENTATIONS = YES;
				CLANG_WARN_DIRECT_OBJC_ISA_USAGE = YES_ERROR;
				CLANG_WARN_DOCUMENTATION_COMMENTS = YES;
				CLANG_WARN_EMPTY_BODY = YES;
				CLANG_WARN_ENUM_CONVERSION = YES;
				CLANG_WARN_INFINITE_RECURSION = YES;
				CLANG_WARN_INT_CONVERSION = YES;
				CLANG_WARN_NON_LITERAL_NULL_CONVERSION = YES;
				CLANG_WARN_OBJC_IMPLICIT_RETAIN_SELF = YES;
				CLANG_WARN_OBJC_LITERAL_CONVERSION = YES;
				CLANG_WARN_OBJC_ROOT_CLASS = YES_ERROR;
				CLANG_WARN_RANGE_LOOP_ANALYSIS = YES;
				CLANG_WARN_STRICT_PROTOTYPES = YES;
				CLANG_WARN_SUSPICIOUS_MOVE = YES;
				CLANG_WARN_UNGUARDED_AVAILABILITY = YES_AGGRESSIVE;
				CLANG_WARN_UNREACHABLE_CODE = YES;
				CLANG_WARN__DUPLICATE_METHOD_MATCH = YES;
				CODE_SIGN_IDENTITY = "iPhone Developer";
				COPY_PHASE_STRIP = NO;
				DEBUG_INFORMATION_FORMAT = dwarf;
				ENABLE_STRICT_OBJC_MSGSEND = YES;
				ENABLE_TESTABILITY = YES;
				GCC_C_LANGUAGE_STANDARD = gnu11;
				GCC_DYNAMIC_NO_PIC = NO;
				GCC_NO_COMMON_BLOCKS = YES;
				GCC_OPTIMIZATION_LEVEL = 0;
				GCC_PREPROCESSOR_DEFINITIONS = (
					"DEBUG=1",
					"$(inherited)",
				);
				GCC_WARN_64_TO_32_BIT_CONVERSION = YES;
				GCC_WARN_ABOUT_RETURN_TYPE = YES_ERROR;
				GCC_WARN_UNDECLARED_SELECTOR = YES;
				GCC_WARN_UNINITIALIZED_AUTOS = YES_AGGRESSIVE;
				GCC_WARN_UNUSED_FUNCTION = YES;
				GCC_WARN_UNUSED_VARIABLE = YES;
				IPHONEOS_DEPLOYMENT_TARGET = 12.1;
				MTL_ENABLE_DEBUG_INFO = INCLUDE_SOURCE;
				MTL_FAST_MATH = YES;
				ONLY_ACTIVE_ARCH = YES;
				SDKROOT = iphoneos;
			};
			name = Debug;
		};
		032ED91921C1040E00602E76 /* Release */ = {
			isa = XCBuildConfiguration;
			buildSettings = {
				ALWAYS_SEARCH_USER_PATHS = NO;
				CLANG_ANALYZER_NONNULL = YES;
				CLANG_ANALYZER_NUMBER_OBJECT_CONVERSION = YES_AGGRESSIVE;
				CLANG_CXX_LANGUAGE_STANDARD = "gnu++14";
				CLANG_CXX_LIBRARY = "libc++";
				CLANG_ENABLE_MODULES = YES;
				CLANG_ENABLE_OBJC_ARC = YES;
				CLANG_ENABLE_OBJC_WEAK = YES;
				CLANG_WARN_BLOCK_CAPTURE_AUTORELEASING = YES;
				CLANG_WARN_BOOL_CONVERSION = YES;
				CLANG_WARN_COMMA = YES;
				CLANG_WARN_CONSTANT_CONVERSION = YES;
				CLANG_WARN_DEPRECATED_OBJC_IMPLEMENTATIONS = YES;
				CLANG_WARN_DIRECT_OBJC_ISA_USAGE = YES_ERROR;
				CLANG_WARN_DOCUMENTATION_COMMENTS = YES;
				CLANG_WARN_EMPTY_BODY = YES;
				CLANG_WARN_ENUM_CONVERSION = YES;
				CLANG_WARN_INFINITE_RECURSION = YES;
				CLANG_WARN_INT_CONVERSION = YES;
				CLANG_WARN_NON_LITERAL_NULL_CONVERSION = YES;
				CLANG_WARN_OBJC_IMPLICIT_RETAIN_SELF = YES;
				CLANG_WARN_OBJC_LITERAL_CONVERSION = YES;
				CLANG_WARN_OBJC_ROOT_CLASS = YES_ERROR;
				CLANG_WARN_RANGE_LOOP_ANALYSIS = YES;
				CLANG_WARN_STRICT_PROTOTYPES = YES;
				CLANG_WARN_SUSPICIOUS_MOVE = YES;
				CLANG_WARN_UNGUARDED_AVAILABILITY = YES_AGGRESSIVE;
				CLANG_WARN_UNREACHABLE_CODE = YES;
				CLANG_WARN__DUPLICATE_METHOD_MATCH = YES;
				CODE_SIGN_IDENTITY = "iPhone Developer";
				COPY_PHASE_STRIP = NO;
				DEBUG_INFORMATION_FORMAT = "dwarf-with-dsym";
				ENABLE_NS_ASSERTIONS = NO;
				ENABLE_STRICT_OBJC_MSGSEND = YES;
				GCC_C_LANGUAGE_STANDARD = gnu11;
				GCC_NO_COMMON_BLOCKS = YES;
				GCC_WARN_64_TO_32_BIT_CONVERSION = YES;
				GCC_WARN_ABOUT_RETURN_TYPE = YES_ERROR;
				GCC_WARN_UNDECLARED_SELECTOR = YES;
				GCC_WARN_UNINITIALIZED_AUTOS = YES_AGGRESSIVE;
				GCC_WARN_UNUSED_FUNCTION = YES;
				GCC_WARN_UNUSED_VARIABLE = YES;
				IPHONEOS_DEPLOYMENT_TARGET = 12.1;
				MTL_ENABLE_DEBUG_INFO = NO;
				MTL_FAST_MATH = YES;
				SDKROOT = iphoneos;
				VALIDATE_PRODUCT = YES;
			};
			name = Release;
		};
		032ED91B21C1040E00602E76 /* Debug */ = {
			isa = XCBuildConfiguration;
			buildSettings = {
				ASSETCATALOG_COMPILER_APPICON_NAME = AppIcon;
				CODE_SIGN_STYLE = Automatic;
				DEVELOPMENT_TEAM = NNZNM6PJ2Y;
				INFOPLIST_FILE = RuntimeDemo/Info.plist;
				IPHONEOS_DEPLOYMENT_TARGET = 11.0;
				LD_RUNPATH_SEARCH_PATHS = (
					"$(inherited)",
					"@executable_path/Frameworks",
				);
				PRODUCT_BUNDLE_IDENTIFIER = com.askingData.RuntimeDemo;
				PRODUCT_NAME = "$(TARGET_NAME)";
				TARGETED_DEVICE_FAMILY = "1,2";
			};
			name = Debug;
		};
		032ED91C21C1040E00602E76 /* Release */ = {
			isa = XCBuildConfiguration;
			buildSettings = {
				ASSETCATALOG_COMPILER_APPICON_NAME = AppIcon;
				CODE_SIGN_STYLE = Automatic;
				DEVELOPMENT_TEAM = NNZNM6PJ2Y;
				INFOPLIST_FILE = RuntimeDemo/Info.plist;
				IPHONEOS_DEPLOYMENT_TARGET = 11.0;
				LD_RUNPATH_SEARCH_PATHS = (
					"$(inherited)",
					"@executable_path/Frameworks",
				);
				PRODUCT_BUNDLE_IDENTIFIER = com.askingData.RuntimeDemo;
				PRODUCT_NAME = "$(TARGET_NAME)";
				TARGETED_DEVICE_FAMILY = "1,2";
			};
			name = Release;
		};
		032ED91E21C1040E00602E76 /* Debug */ = {
			isa = XCBuildConfiguration;
			buildSettings = {
				BUNDLE_LOADER = "$(TEST_HOST)";
				CODE_SIGN_STYLE = Automatic;
				DEVELOPMENT_TEAM = NNZNM6PJ2Y;
				INFOPLIST_FILE = RuntimeDemoTests/Info.plist;
				LD_RUNPATH_SEARCH_PATHS = (
					"$(inherited)",
					"@executable_path/Frameworks",
					"@loader_path/Frameworks",
				);
				PRODUCT_BUNDLE_IDENTIFIER = com.askingData.RuntimeDemoTests;
				PRODUCT_NAME = "$(TARGET_NAME)";
				TARGETED_DEVICE_FAMILY = "1,2";
				TEST_HOST = "$(BUILT_PRODUCTS_DIR)/RuntimeDemo.app/RuntimeDemo";
			};
			name = Debug;
		};
		032ED91F21C1040E00602E76 /* Release */ = {
			isa = XCBuildConfiguration;
			buildSettings = {
				BUNDLE_LOADER = "$(TEST_HOST)";
				CODE_SIGN_STYLE = Automatic;
				DEVELOPMENT_TEAM = NNZNM6PJ2Y;
				INFOPLIST_FILE = RuntimeDemoTests/Info.plist;
				LD_RUNPATH_SEARCH_PATHS = (
					"$(inherited)",
					"@executable_path/Frameworks",
					"@loader_path/Frameworks",
				);
				PRODUCT_BUNDLE_IDENTIFIER = com.askingData.RuntimeDemoTests;
				PRODUCT_NAME = "$(TARGET_NAME)";
				TARGETED_DEVICE_FAMILY = "1,2";
				TEST_HOST = "$(BUILT_PRODUCTS_DIR)/RuntimeDemo.app/RuntimeDemo";
			};
			name = Release;
		};
		032ED92121C1040E00602E76 /* Debug */ = {
			isa = XCBuildConfiguration;
			buildSettings = {
				CODE_SIGN_STYLE = Automatic;
				DEVELOPMENT_TEAM = NNZNM6PJ2Y;
				INFOPLIST_FILE = RuntimeDemoUITests/Info.plist;
				LD_RUNPATH_SEARCH_PATHS = (
					"$(inherited)",
					"@executable_path/Frameworks",
					"@loader_path/Frameworks",
				);
				PRODUCT_BUNDLE_IDENTIFIER = com.askingData.RuntimeDemoUITests;
				PRODUCT_NAME = "$(TARGET_NAME)";
				TARGETED_DEVICE_FAMILY = "1,2";
				TEST_TARGET_NAME = RuntimeDemo;
			};
			name = Debug;
		};
		032ED92221C1040E00602E76 /* Release */ = {
			isa = XCBuildConfiguration;
			buildSettings = {
				CODE_SIGN_STYLE = Automatic;
				DEVELOPMENT_TEAM = NNZNM6PJ2Y;
				INFOPLIST_FILE = RuntimeDemoUITests/Info.plist;
				LD_RUNPATH_SEARCH_PATHS = (
					"$(inherited)",
					"@executable_path/Frameworks",
					"@loader_path/Frameworks",
				);
				PRODUCT_BUNDLE_IDENTIFIER = com.askingData.RuntimeDemoUITests;
				PRODUCT_NAME = "$(TARGET_NAME)";
				TARGETED_DEVICE_FAMILY = "1,2";
				TEST_TARGET_NAME = RuntimeDemo;
			};
			name = Release;
		};
/* End XCBuildConfiguration section */

/* Begin XCConfigurationList section */
		032ED8E921C1040B00602E76 /* Build configuration list for PBXProject "RuntimeDemo" */ = {
			isa = XCConfigurationList;
			buildConfigurations = (
				032ED91821C1040E00602E76 /* Debug */,
				032ED91921C1040E00602E76 /* Release */,
			);
			defaultConfigurationIsVisible = 0;
			defaultConfigurationName = Release;
		};
		032ED91A21C1040E00602E76 /* Build configuration list for PBXNativeTarget "RuntimeDemo" */ = {
			isa = XCConfigurationList;
			buildConfigurations = (
				032ED91B21C1040E00602E76 /* Debug */,
				032ED91C21C1040E00602E76 /* Release */,
			);
			defaultConfigurationIsVisible = 0;
			defaultConfigurationName = Release;
		};
		032ED91D21C1040E00602E76 /* Build configuration list for PBXNativeTarget "RuntimeDemoTests" */ = {
			isa = XCConfigurationList;
			buildConfigurations = (
				032ED91E21C1040E00602E76 /* Debug */,
				032ED91F21C1040E00602E76 /* Release */,
			);
			defaultConfigurationIsVisible = 0;
			defaultConfigurationName = Release;
		};
		032ED92021C1040E00602E76 /* Build configuration list for PBXNativeTarget "RuntimeDemoUITests" */ = {
			isa = XCConfigurationList;
			buildConfigurations = (
				032ED92121C1040E00602E76 /* Debug */,
				032ED92221C1040E00602E76 /* Release */,
			);
			defaultConfigurationIsVisible = 0;
			defaultConfigurationName = Release;
		};
/* End XCConfigurationList section */
	};
	rootObject = 032ED8E621C1040B00602E76 /* Project object */;
}
